
Microsoft Visual Studio Solution File, Format Version 12.00
# Visual Studio Version 17
VisualStudioVersion = 17.7.34031.279
MinimumVisualStudioVersion = 10.0.40219.1
Project("{FAE04EC0-301F-11D3-BF4B-00C04F79EFBC}") = "WebApplication3", "WebApplication3\WebApplication3.csproj", "{8839EF8F-8A0E-47B0-B5CC-45D7846B5617}"
EndProject
Project("{E53339B2-1760-4266-BCC7-CA923CBCF16C}") = "docker-compose", "docker-compose.dcproj", "{7E81A9D5-26CC-431C-BCD6-73CABCED2901}"
EndProject
Global
	GlobalSection(SolutionConfigurationPlatforms) = preSolution
		Debug|Any CPU = Debug|Any CPU
		Release|Any CPU = Release|Any CPU
	EndGlobalSection
	GlobalSection(ProjectConfigurationPlatforms) = postSolution
		{8839EF8F-8A0E-47B0-B5CC-45D7846B5617}.Debug|Any CPU.ActiveCfg = Debug|Any CPU
		{8839EF8F-8A0E-47B0-B5CC-45D7846B5617}.Debug|Any CPU.Build.0 = Debug|Any CPU
		{8839EF8F-8A0E-47B0-B5CC-45D7846B5617}.Release|Any CPU.ActiveCfg = Release|Any CPU
		{8839EF8F-8A0E-47B0-B5CC-45D7846B5617}.Release|Any CPU.Build.0 = Release|Any CPU
		{7E81A9D5-26CC-431C-BCD6-73CABCED2901}.Debug|Any CPU.ActiveCfg = Debug|Any CPU
		{7E81A9D5-26CC-431C-BCD6-73CABCED2901}.Debug|Any CPU.Build.0 = Debug|Any CPU
		{7E81A9D5-26CC-431C-BCD6-73CABCED2901}.Release|Any CPU.ActiveCfg = Release|Any CPU
		{7E81A9D5-26CC-431C-BCD6-73CABCED2901}.Release|Any CPU.Build.0 = Release|Any CPU
	EndGlobalSection
	GlobalSection(SolutionProperties) = preSolution
		HideSolutionNode = FALSE
	EndGlobalSection
	GlobalSection(ExtensibilityGlobals) = postSolution
		SolutionGuid = {5FF869B6-D503-420B-BB2C-33149DEF06D8}
	EndGlobalSection
EndGlobal
